{
    "_meta": {
        "hash": {
            "sha256": "f9958ce597d6b1daa5b36cfdeb16be1f7dd2afb2ffe648c8879fd9d649bb3b4d"
        },
        "pipfile-spec": 6,
        "requires": {
            "python_version": "3.10"
        },
        "sources": [
            {
                "name": "pypi",
                "url": "https://pypi.org/simple",
                "verify_ssl": true
            }
        ]
    },
    "default": {
        "about-time": {
            "hashes": [
                "sha256:6a538862d33ce67d997429d14998310e1dbfda6cb7d9bbfbf799c4709847fece",
                "sha256:8bbf4c75fe13cbd3d72f49a03b02c5c7dca32169b6d49117c257e7eb3eaee341"
            ],
            "markers": "python_version >= '3.7' and python_version < '4'",
            "version": "==4.2.1"
        },
        "alive-progress": {
            "hashes": [
                "sha256:347220c1858e3abe137fa0746895668c04df09c5261a13dc03f05795e8a29be5",
                "sha256:42e399a66c8150dc507602dff7b7953f105ef11faf97ddaa6d27b1cbf45c4c98"
            ],
            "index": "pypi",
            "markers": "python_version >= '3.7' and python_version < '4'",
            "version": "==3.1.5"
        },
        "darkdetect": {
            "hashes": [
                "sha256:a7509ccf517eaad92b31c214f593dbcf138ea8a43b2935406bbd565e15527a85",
                "sha256:b5428e1170263eb5dea44c25dc3895edd75e6f52300986353cd63533fe7df8b1"
            ],
            "index": "pypi",
            "markers": "python_version >= '3.6'",
            "version": "==0.8.0"
        },
        "grapheme": {
            "hashes": [
                "sha256:44c2b9f21bbe77cfb05835fec230bd435954275267fea1858013b102f8603cca"
            ],
            "version": "==0.6.0"
        },
        "lxml": {
            "hashes": [
                "sha256:00bfccab28f710bb13f7f644c980ad50ce3e5b6a412b5bb9a6c30136b298fb2c",
                "sha256:03c977ffc9a4bf17b3e0f8db0451dc38e9f4ec92cfdb5df462d38fbe6e6e0825",
                "sha256:0499310df9afc0ce634ce14cacbb333d62f561038ea4db640494e4a22ac4f2e9",
                "sha256:070469a23f2ef3a9e72165af7e0b12eca9a6e47c3a8ec1cad60d14fb2f2c3aa8",
                "sha256:0963de4fe463caff48e6ce4d83d19a3c099126874185d10cf490c29057ca518d",
                "sha256:0a79eca2ef5e032c8ed9da07f84a07a29105f220b777613dfe7fc31445691ee3",
                "sha256:0dc36ec06514fe8848c4733d47f96a0636f82d9ca3eaa2132373426bc03f178f",
                "sha256:0ecc0f1e1d901b66f2f68edff85b8ff421fa9683d02eaea6742a42c145d741b6",
                "sha256:0f70e5de6b3e24ababeca597f776e5f37973f05d28a4d9f467aa5b45745af762",
                "sha256:0fb55d77e685def5218701d5d296fca62f595752c88402404da685864b06b67e",
                "sha256:1215c8e57a25ad68488abb83a36734f6c6b3f0ccd880f0c68da98682d463ef09",
                "sha256:1546fa25a6dde5698271e19787062446f433c98ca7eab35545f665dde2c1bd34",
                "sha256:18b456f1bfb338be94a916166ac5507e73b9eb9f6e1f0fbd1c8caff2f3fa5535",
                "sha256:18caa0d3925902949cb060fe5f2da70c953d60bd9ef78657bd389f6db30533cc",
                "sha256:19251f782ea51a4841e747158195312ef63e06b47889e159dc5f1b2e5d668465",
                "sha256:1d78e91cbffe733ff325e0d258bb64702c8d91f8f652db088bd2989c6a8f90cc",
                "sha256:2ec9fa65e0638551a5ad31cb9fa160b321f19632e5ec517fe68d7b4110133e69",
                "sha256:3013823b0069cb4bd9b558e87076a18142703c6d2ac3a5d5521dd35734d23a72",
                "sha256:31362b900b8fd2a026b9d24695ebe5449ea8f0c948af2445d7880b738d9fc368",
                "sha256:32a135d4ef8f966bc087d450d641df73fc6874f04cf6608111541b50090e6f13",
                "sha256:331237209fe76951450c1119af0879f04f32d1b07b21e83a34ba439520492feb",
                "sha256:3714f339449d2738b4fadd078a6022704a2af3cab06bec9627b19eaa4205090d",
                "sha256:387c5416b8bb4b8ad7306797cb2719a841f5f3836b3c39fcaa56b9af5448dd2a",
                "sha256:39a3cf581e9040e66aaa719b2f338b2b7eb43ce1db059089c82ae72e0fd48b47",
                "sha256:3ffc56d68b9782919d69ae9a6fac99efd7547f2666ccb7ecfd12871564d16133",
                "sha256:42069ce16dab9755b381b90defd846ca407b9ead05dc20732fd5502b5cc49b87",
                "sha256:430780608d16b3bb96ef99a67a1a0626c8a295193af53ce9c4d5ec3fef2fbc79",
                "sha256:4432a1d89a9b340bc6bd1201aef3ba03112f151d3f340d9218247dc0c85028ab",
                "sha256:45e747b4e82390ffd802528b9e7b39333c1ce71423057bf5961b30ec0d52f76f",
                "sha256:473f2d0511dd84697326ee9362b0c0c2e9f99a433dcb1fbb5aa8df3d1b2185db",
                "sha256:47f46a2ebade07f3afa47695882e7725440c49bf77cba39c3762a42597e5aad3",
                "sha256:49dc4dcf14a08f160bb3f5f571f63514d918b8933a25c221536571a5fc010271",
                "sha256:4ae66b6b0f82e7839b6b8d009182c652d48e7d2ea21a6709f3033ce5fbf199c4",
                "sha256:4b49a1569ed6d05808f4d163a316e7bf4a230e0c36855b59f56020ae27ae586a",
                "sha256:4d58af4ebd711dad40f1c024a779950d9918d04d74f49230edf5d271dcd33c28",
                "sha256:4df6be79be4d7574e9e4002aeb6aa03d3f3809582db07abb166df7fc6e7438af",
                "sha256:57f5c362cbd9d688fb1fa07c8955cec26d5c066fbcb4163aa341ff751eba7587",
                "sha256:5892cff0a6817743fe470b7402677310ffc8514a74de14d4e591cecdc457ff61",
                "sha256:60974986aa80a8bb883da5663f90bc632bd4ce0d0508e66a9132412facec65f6",
                "sha256:62a3c0fdf70f785cd29824666d1dcea88c207f0b73ddbc28fb7a6a1a5bbb1af7",
                "sha256:67ddff0272905a0b78a2c3ea01487e0551cc38094cd5994f73af370f355ecb47",
                "sha256:6af86081c888ce81ca7e361ed7fa2ba1678e2a86eb5a059c96d5a719364d319e",
                "sha256:6cdd0fb749c80ffcf408f659b209e82333f10b517786083a3dd3c3b5adc60111",
                "sha256:737a4dba9f7ee842c6597f719dda2eabeeaefe42443f7f24de20c262f88527cd",
                "sha256:73e71b95c5215310a92e560369ac1f0e2cd018d5a36be182da88958f3d6084f5",
                "sha256:745383c124f096cc03fb942c8a05ea1e8cb4f44c5b28887adce6224e4540808e",
                "sha256:7febf50135363e981097eeada84781eeae92bfc3c203495f63d6b542a7132ba7",
                "sha256:821fb791565536617b058c2cd5b8d28a1285b3375eecc5bd6b5c6d87add0d3dd",
                "sha256:83ff41e1bc0666f31acda52407d869ea257f232c2d9394806647a0e7454de73e",
                "sha256:8991837fdf8086486f1c300d936bacd757e2e5398be84cd54a1fba0e6b6d5591",
                "sha256:8a70c47c14f89b8bfb430f85b608aa460204fe7c005545d79afd31b925cc6669",
                "sha256:8ba56c3686fa60cc04191d22d1733aad484c9cbc153cdc3e8eb9bdfcad30f704",
                "sha256:8de180f748a17382dd695b3999be03a647d09af16ae589c4e9c37138ddb6d4c6",
                "sha256:96c2abcbcb24f850f00f279c4660ce6498cae16ff1659845838d752c26890748",
                "sha256:99b5ca5775435aa296d32ea711e194aaae871b21dbf0d57cb7d4431e5d3ad699",
                "sha256:9a4eff4d8ad0bbc9f470a9be19c5e718af4baf47111d7c2d9b036b9986107e7c",
                "sha256:9a99dae826c80cf0a21dd21eb66db16310d1f58ac4c27c804da980212fbcabe2",
                "sha256:9e8a4782ecaaacf8e9355f39179b1f00e7f27b774306eccbe80f6215724be4cd",
                "sha256:a28eab2d9ea79b830be50e3350d827ae8abf5b23e278e14929824d5ab2069008",
                "sha256:ae3a0ec0f1b6cf1e8bca41bc86cd64ba02e31c71716efbf149a0f7ebc168cf0b",
                "sha256:b005101a257c494e84d36ecb62b02ba195b02b7f8892f57b1f5aaa352ed44467",
                "sha256:b4eef43c5dc5c579d0804e55a32dd1bacbd008c8191ed4d65be278bbb11ddc61",
                "sha256:b6bb5a0a87ab1e01f086cbb418be9e409719cd216954aa38b1cceee36a561ce1",
                "sha256:b7bb0010c2969c23bf3d2b3892e638a7cb83e7daeb749e3db5f3c002fd191e11",
                "sha256:b889c0b9be774466308c3590e093ce9a6f9115c78fc8624aa6ba8dfeaf5188ab",
                "sha256:bcded868b05583d41ab0b024f39f90a04e486a2349a9b493d8d17024f1433aa6",
                "sha256:c21e60c017cab3a7e7786185cc8853b8614b01ccd69cc8b24608e5356784631b",
                "sha256:c32a4fbae218b336d547bc626897325202e4e9f1794ac5f4d0bb3caacf41df21",
                "sha256:c4eaa83b610595ef9f20aa69b96053d5b7f3f70c67c7a3af8f433136a9d315ab",
                "sha256:c5b23f63fcec652bf1e775eca5e03a713a4994d2a7ce2e70a91e964a26220e0d",
                "sha256:cfdac95815d3025e4c9edce2ef2ebe4e034edc35a2c44a606dd846554387ae38",
                "sha256:d0047c90e0ebd0d8f3c1e6636e10f597b8f25e4ef9e6416dd2e5c4c0960270cc",
                "sha256:d05cf827f160340f67c25ce6f271689a844605aa123849f1a80e21c9bd21f00b",
                "sha256:d64e543b07964ff73b4eb994bee894803a80e19fd3b29a5ffbe3c637fe43e788",
                "sha256:d6d3ce5638cd4ed3fa684507f164e7039e1b07475bc8f37ba6e12271c1a2e9e0",
                "sha256:d80d9f4d986bb6ad65bae86f07391152f7b6c65cfc63d118616b18b0be2e79da",
                "sha256:dbff288e1869db78f8731ca257553dd699edef07e173b35e71b1122b630d6008",
                "sha256:dcb25128c9e7f01c00ad116d2c762c3942724981a35c6e5c551ab55d4c2bfcfe",
                "sha256:dcc7dc4b9b65f185aa8533abc78f0a3b2ac38fe075bb23d3c1590ba0990f6c80",
                "sha256:e2388a792f9c239510d62a9e615662b8202e4ca275aafcc9c4af154654462a14",
                "sha256:e2bd8faf6a9682ca385e4bca1a38a057be716dc303f16ddec9e4c9cf01b7d722",
                "sha256:e97c74725e86d84a477df081eef69b70f048128afee841dbd8c690a9e3d2e8e0",
                "sha256:ea5e4b3eff9029a02fe7736540675ab8fca44277232f0027397b0d7111d04b1c",
                "sha256:f36c3103a6f2641777b64f1da860f37cbaa718ce3feea621583627269e68eb03",
                "sha256:f56e6a38c64a79e228d48344bb3bec265ac035fc1277ce8c049445bb18e4cd41",
                "sha256:f9464ff2fd1f2ba4d0d246a560d369ee7e7213c556a30db9ae9426850ce1baf9",
                "sha256:feb1102d9e5de08120d46a1011110c43b2547ecb3ae80030801e0e2dacd1ee18",
                "sha256:ff29353c12f0abc9cb3395899b7192a970d5a63f80ac1e7f0c3247ed83f5dcd4"
            ],
            "index": "pypi",
            "markers": "python_version >= '2.7' and python_version not in '3.0, 3.1, 3.2, 3.3, 3.4'",
            "version": "==5.0.1"
        },
        "psutil": {
            "hashes": [
                "sha256:032f4f2c909818c86cea4fe2cc407f1c0f0cde8e6c6d702b28b8ce0c0d143340",
                "sha256:0bd41bf2d1463dfa535942b2a8f0e958acf6607ac0be52265ab31f7923bcd5e6",
                "sha256:1132704b876e58d277168cd729d64750633d5ff0183acf5b3c986b8466cd0284",
                "sha256:1d4bc4a0148fdd7fd8f38e0498639ae128e64538faa507df25a20f8f7fb2341c",
                "sha256:3c4747a3e2ead1589e647e64aad601981f01b68f9398ddf94d01e3dc0d1e57c7",
                "sha256:3f02134e82cfb5d089fddf20bb2e03fd5cd52395321d1c8458a9e58500ff417c",
                "sha256:44969859757f4d8f2a9bd5b76eba8c3099a2c8cf3992ff62144061e39ba8568e",
                "sha256:4c03362e280d06bbbfcd52f29acd79c733e0af33d707c54255d21029b8b32ba6",
                "sha256:5794944462509e49d4d458f4dbfb92c47539e7d8d15c796f141f474010084056",
                "sha256:b27f8fdb190c8c03914f908a4555159327d7481dac2f01008d483137ef3311a9",
                "sha256:c727ca5a9b2dd5193b8644b9f0c883d54f1248310023b5ad3e92036c5e2ada68",
                "sha256:e469990e28f1ad738f65a42dcfc17adaed9d0f325d55047593cb9033a0ab63df",
                "sha256:ea36cc62e69a13ec52b2f625c27527f6e4479bca2b340b7a452af55b34fcbe2e",
                "sha256:f37f87e4d73b79e6c5e749440c3113b81d1ee7d26f21c19c47371ddea834f414",
                "sha256:fe361f743cb3389b8efda21980d93eb55c1f1e3898269bc9a2a1d0bb7b1f6508",
                "sha256:fe8b7f07948f1304497ce4f4684881250cd859b16d06a1dc4d7941eeb6233bfe"
            ],
            "index": "pypi",
            "markers": "python_version >= '2.7' and python_version not in '3.0, 3.1, 3.2, 3.3, 3.4, 3.5'",
            "version": "==5.9.7"
        },
        "pyside6": {
            "hashes": [
                "sha256:0a67587c088cb80e90d4ce3023b02466ea858c93a6dc9c4e062b13314e03d464",
                "sha256:3593d605175e83e6952cf3b428ecc9c146af97effb36de921ecf3da2752de082",
                "sha256:3c348948fe3957b18164c9c7b8942fe065bdb39648b326f212bc114326679fa9",
                "sha256:ed3822150f0d7a06b68bf4ceebe287515b5e8309bb256e9b49ae405afd062b18"
            ],
            "index": "pypi",
            "markers": "python_version < '3.13' and python_version >= '3.8'",
            "version": "==6.6.1"
        },
        "pyside6-addons": {
            "hashes": [
                "sha256:5a63a8a943724ce5acd2df72e5ab04982b6906963278cbabb216656b9a26ee18",
                "sha256:7cb7af1b050c40f7ac891b0e61c758c1923863173932f5b92dc47bdfb4158b42",
                "sha256:a0982da4033319667f9df5ed6fa8eff300a88216aec103a1fff6751a172b19a0",
                "sha256:a223575c81e9a13173136c044c3447e25f6d656b462b4d71fc3c6bd9c935a709"
            ],
            "markers": "python_version < '3.13' and python_version >= '3.8'",
            "version": "==6.6.1"
        },
        "pyside6-essentials": {
            "hashes": [
                "sha256:0c8917b15236956957178a8c9854641b12b11dad79ba0caf26147119164c30cf",
                "sha256:13da926e9e9ee3e26e3f66883a9d5e43726ddee70cdabddca02a07aa1ccf9484",
                "sha256:a383c3d60298392cfb621ec1a0cf24b4799321e6c5bbafc021d4cc8076ea1315",
                "sha256:c7185616083eab6f42eaed598d97d49fac4f60ae2e7415194140d54f58c2b42c"
            ],
            "markers": "python_version < '3.13' and python_version >= '3.8'",
            "version": "==6.6.1"
        },
        "python-dateutil": {
            "hashes": [
                "sha256:0123cacc1627ae19ddf3c27a5de5bd67ee4586fbdd6440d9748f8abb483d3e86",
                "sha256:961d03dc3453ebbc59dbdea9e4e11c5651520a876d0f4db161e8674aae935da9"
            ],
            "markers": "python_version >= '2.7' and python_version not in '3.0, 3.1, 3.2, 3.3'",
            "version": "==2.8.2"
        },
        "shiboken6": {
            "hashes": [
                "sha256:072c35c4fe46ec13b364d9dc47b055bb2277ee3aeaab18c23650280ec362f62a",
                "sha256:a605960e72af5eef915991cee7eef4cc72f5cabe63b9ae1a955ceb3d3b0a00b9",
                "sha256:d756fd1fa945b787e8eef142f2eb571da0b4c4dc2f2eec1a7c12a474a2cf84e4",
                "sha256:fb102e4bc210006f0cdd0ce38e1aaaaf792bd871f02a2b3f01d07922c5cf4c59"
            ],
            "markers": "python_version < '3.13' and python_version >= '3.8'",
            "version": "==6.6.1"
        },
        "six": {
            "hashes": [
                "sha256:1e61c37477a1626458e36f7b1d82aa5c9b094fa4802892072e49de9c60c4c926",
                "sha256:8abb2f1d86890a2dfb989f9a77cfcfd3e47c2a354b01111771326f8aa26e0254"
            ],
            "markers": "python_version >= '2.7' and python_version not in '3.0, 3.1, 3.2, 3.3'",
            "version": "==1.16.0"
        },
        "strictyaml": {
            "hashes": [
                "sha256:22f854a5fcab42b5ddba8030a0e4be51ca89af0267961c8d6cfa86395586c407",
                "sha256:fb5c8a4edb43bebb765959e420f9b3978d7f1af88c80606c03fb420888f5d1c7"
            ],
            "index": "pypi",
            "markers": "python_full_version >= '3.7.0'",
            "version": "==1.7.3"
        },
        "validators": {
            "hashes": [
                "sha256:61cf7d4a62bbae559f2e54aed3b000cea9ff3e2fdbe463f51179b92c58c9585a",
                "sha256:77b2689b172eeeb600d9605ab86194641670cdb73b60afd577142a9397873370"
            ],
            "index": "pypi",
            "markers": "python_version >= '3.8'",
            "version": "==0.22.0"
        }
    },
    "develop": {}
}
